
Microsoft Visual Studio Solution File, Format Version 12.00
# Visual Studio Version 16
VisualStudioVersion = 16.0.31019.35
MinimumVisualStudioVersion = 10.0.40219.1
Project("{9A19103F-16F7-4668-BE54-9A1E7A4F7556}") = "JobPortal.Server", "JobPortal\Server\JobPortal.Server.csproj", "{CFE090A7-FD79-49BB-B7D9-17453E0CFEE7}"
EndProject
Project("{9A19103F-16F7-4668-BE54-9A1E7A4F7556}") = "JobPortal.Client", "JobPortal\Client\JobPortal.Client.csproj", "{39793639-1D17-4152-8E0D-BC825E0DADB6}"
EndProject
Project("{9A19103F-16F7-4668-BE54-9A1E7A4F7556}") = "JobPortal.Shared", "JobPortal\Shared\JobPortal.Shared.csproj", "{B4F37212-0E4C-4496-9DBB-C7BAB9057A8A}"
EndProject
Global
	GlobalSection(SolutionConfigurationPlatforms) = preSolution
		Debug|Any CPU = Debug|Any CPU
		Release|Any CPU = Release|Any CPU
	EndGlobalSection
	GlobalSection(ProjectConfigurationPlatforms) = postSolution
		{CFE090A7-FD79-49BB-B7D9-17453E0CFEE7}.Debug|Any CPU.ActiveCfg = Debug|Any CPU
		{CFE090A7-FD79-49BB-B7D9-17453E0CFEE7}.Debug|Any CPU.Build.0 = Debug|Any CPU
		{CFE090A7-FD79-49BB-B7D9-17453E0CFEE7}.Release|Any CPU.ActiveCfg = Release|Any CPU
		{CFE090A7-FD79-49BB-B7D9-17453E0CFEE7}.Release|Any CPU.Build.0 = Release|Any CPU
		{39793639-1D17-4152-8E0D-BC825E0DADB6}.Debug|Any CPU.ActiveCfg = Debug|Any CPU
		{39793639-1D17-4152-8E0D-BC825E0DADB6}.Debug|Any CPU.Build.0 = Debug|Any CPU
		{39793639-1D17-4152-8E0D-BC825E0DADB6}.Release|Any CPU.ActiveCfg = Release|Any CPU
		{39793639-1D17-4152-8E0D-BC825E0DADB6}.Release|Any CPU.Build.0 = Release|Any CPU
		{B4F37212-0E4C-4496-9DBB-C7BAB9057A8A}.Debug|Any CPU.ActiveCfg = Debug|Any CPU
		{B4F37212-0E4C-4496-9DBB-C7BAB9057A8A}.Debug|Any CPU.Build.0 = Debug|Any CPU
		{B4F37212-0E4C-4496-9DBB-C7BAB9057A8A}.Release|Any CPU.ActiveCfg = Release|Any CPU
		{B4F37212-0E4C-4496-9DBB-C7BAB9057A8A}.Release|Any CPU.Build.0 = Release|Any CPU
	EndGlobalSection
	GlobalSection(SolutionProperties) = preSolution
		HideSolutionNode = FALSE
	EndGlobalSection
	GlobalSection(ExtensibilityGlobals) = postSolution
		SolutionGuid = {A5C1081F-14E4-4738-B5CC-40A8392C325C}
	EndGlobalSection
EndGlobal
